// !$*UTF8*$!
{
	archiveVersion = 1;
	classes = {
	};
	objectVersion = 55;
	objects = {

/* Begin PBXBuildFile section */
		09173E802839A8AD008E78F0 /* AppDelegate.swift in Sources */ = {isa = PBXBuildFile; fileRef = 09173E7F2839A8AD008E78F0 /* AppDelegate.swift */; };
		09173E822839A8AD008E78F0 /* SceneDelegate.swift in Sources */ = {isa = PBXBuildFile; fileRef = 09173E812839A8AD008E78F0 /* SceneDelegate.swift */; };
		09173E842839A8AD008E78F0 /* MainController.swift in Sources */ = {isa = PBXBuildFile; fileRef = 09173E832839A8AD008E78F0 /* MainController.swift */; };
		09173E872839A8AD008E78F0 /* Main.storyboard in Resources */ = {isa = PBXBuildFile; fileRef = 09173E852839A8AD008E78F0 /* Main.storyboard */; };
		09173E892839A8AF008E78F0 /* Assets.xcassets in Resources */ = {isa = PBXBuildFile; fileRef = 09173E882839A8AF008E78F0 /* Assets.xcassets */; };
		09173E8C2839A8AF008E78F0 /* LaunchScreen.storyboard in Resources */ = {isa = PBXBuildFile; fileRef = 09173E8A2839A8AF008E78F0 /* LaunchScreen.storyboard */; };
		09173E962839CDD3008E78F0 /* Readme.md in Resources */ = {isa = PBXBuildFile; fileRef = 09173E952839CDD3008E78F0 /* Readme.md */; };
		09173E9F283A920D008E78F0 /* ComponentConstants.swift in Sources */ = {isa = PBXBuildFile; fileRef = 09173E9E283A920D008E78F0 /* ComponentConstants.swift */; };
		09173EA6283AB18E008E78F0 /* TableViewConstants.swift in Sources */ = {isa = PBXBuildFile; fileRef = 09173EA5283AB18E008E78F0 /* TableViewConstants.swift */; };
		09173EA9283AB65A008E78F0 /* CharacterTableViewCell.swift in Sources */ = {isa = PBXBuildFile; fileRef = 09173EA7283AB65A008E78F0 /* CharacterTableViewCell.swift */; };
		09173EAA283AB65A008E78F0 /* CharacterTableViewCell.xib in Resources */ = {isa = PBXBuildFile; fileRef = 09173EA8283AB65A008E78F0 /* CharacterTableViewCell.xib */; };
		09173EAC283ABEA4008E78F0 /* TableView+extension.swift in Sources */ = {isa = PBXBuildFile; fileRef = 09173EAB283ABEA4008E78F0 /* TableView+extension.swift */; };
		09173EAE283B10E4008E78F0 /* NetworkingManager.swift in Sources */ = {isa = PBXBuildFile; fileRef = 09173EAD283B10E4008E78F0 /* NetworkingManager.swift */; };
		09173EB1283B128F008E78F0 /* APIErrors.swift in Sources */ = {isa = PBXBuildFile; fileRef = 09173EB0283B128F008E78F0 /* APIErrors.swift */; };
		09173EB3283BCC2E008E78F0 /* RickAndMortyResponse.swift in Sources */ = {isa = PBXBuildFile; fileRef = 09173EB2283BCC2E008E78F0 /* RickAndMortyResponse.swift */; };
		09173EB7283BD443008E78F0 /* RickAndMortyCharacterFactory.swift in Sources */ = {isa = PBXBuildFile; fileRef = 09173EB6283BD443008E78F0 /* RickAndMortyCharacterFactory.swift */; };
		09173EB9283C52A4008E78F0 /* DetailController.swift in Sources */ = {isa = PBXBuildFile; fileRef = 09173EB8283C52A4008E78F0 /* DetailController.swift */; };
		09173EBB283C52F9008E78F0 /* DetailViewModel.swift in Sources */ = {isa = PBXBuildFile; fileRef = 09173EBA283C52F9008E78F0 /* DetailViewModel.swift */; };
		09173EBD283D1617008E78F0 /* DownloadImageErrors.swift in Sources */ = {isa = PBXBuildFile; fileRef = 09173EBC283D1617008E78F0 /* DownloadImageErrors.swift */; };
		091F47E428465E1F006C3331 /* RickAndMortyTests.swift in Sources */ = {isa = PBXBuildFile; fileRef = 091F47E328465E1F006C3331 /* RickAndMortyTests.swift */; };
		091F47EB2847C0A6006C3331 /* ComponentConstantTests.swift in Sources */ = {isa = PBXBuildFile; fileRef = 091F47EA2847C0A6006C3331 /* ComponentConstantTests.swift */; };
		09A8522528537B1A00DF93C8 /* RickAndMortyObjectsTests.swift in Sources */ = {isa = PBXBuildFile; fileRef = 09A8522428537B1A00DF93C8 /* RickAndMortyObjectsTests.swift */; };
/* End PBXBuildFile section */

/* Begin PBXContainerItemProxy section */
		091F47E528465E1F006C3331 /* PBXContainerItemProxy */ = {
			isa = PBXContainerItemProxy;
			containerPortal = 09173E742839A8AD008E78F0 /* Project object */;
			proxyType = 1;
			remoteGlobalIDString = 09173E7B2839A8AD008E78F0;
			remoteInfo = RickAndMortyWalmart;
		};
/* End PBXContainerItemProxy section */

/* Begin PBXFileReference section */
		09173E7C2839A8AD008E78F0 /* RickAndMortyWalmart.app */ = {isa = PBXFileReference; explicitFileType = wrapper.application; includeInIndex = 0; path = RickAndMortyWalmart.app; sourceTree = BUILT_PRODUCTS_DIR; };
		09173E7F2839A8AD008E78F0 /* AppDelegate.swift */ = {isa = PBXFileReference; lastKnownFileType = sourcecode.swift; path = AppDelegate.swift; sourceTree = "<group>"; };
		09173E812839A8AD008E78F0 /* SceneDelegate.swift */ = {isa = PBXFileReference; lastKnownFileType = sourcecode.swift; path = SceneDelegate.swift; sourceTree = "<group>"; };
		09173E832839A8AD008E78F0 /* MainController.swift */ = {isa = PBXFileReference; lastKnownFileType = sourcecode.swift; path = MainController.swift; sourceTree = "<group>"; };
		09173E862839A8AD008E78F0 /* Base */ = {isa = PBXFileReference; lastKnownFileType = file.storyboard; name = Base; path = Base.lproj/Main.storyboard; sourceTree = "<group>"; };
		09173E882839A8AF008E78F0 /* Assets.xcassets */ = {isa = PBXFileReference; lastKnownFileType = folder.assetcatalog; path = Assets.xcassets; sourceTree = "<group>"; };
		09173E8B2839A8AF008E78F0 /* Base */ = {isa = PBXFileReference; lastKnownFileType = file.storyboard; name = Base; path = Base.lproj/LaunchScreen.storyboard; sourceTree = "<group>"; };
		09173E8D2839A8AF008E78F0 /* Info.plist */ = {isa = PBXFileReference; lastKnownFileType = text.plist.xml; path = Info.plist; sourceTree = "<group>"; };
		09173E952839CDD3008E78F0 /* Readme.md */ = {isa = PBXFileReference; lastKnownFileType = net.daringfireball.markdown; path = Readme.md; sourceTree = "<group>"; };
		09173E9E283A920D008E78F0 /* ComponentConstants.swift */ = {isa = PBXFileReference; lastKnownFileType = sourcecode.swift; path = ComponentConstants.swift; sourceTree = "<group>"; };
		09173EA5283AB18E008E78F0 /* TableViewConstants.swift */ = {isa = PBXFileReference; lastKnownFileType = sourcecode.swift; path = TableViewConstants.swift; sourceTree = "<group>"; };
		09173EA7283AB65A008E78F0 /* CharacterTableViewCell.swift */ = {isa = PBXFileReference; lastKnownFileType = sourcecode.swift; path = CharacterTableViewCell.swift; sourceTree = "<group>"; };
		09173EA8283AB65A008E78F0 /* CharacterTableViewCell.xib */ = {isa = PBXFileReference; lastKnownFileType = file.xib; path = CharacterTableViewCell.xib; sourceTree = "<group>"; };
		09173EAB283ABEA4008E78F0 /* TableView+extension.swift */ = {isa = PBXFileReference; lastKnownFileType = sourcecode.swift; path = "TableView+extension.swift"; sourceTree = "<group>"; };
		09173EAD283B10E4008E78F0 /* NetworkingManager.swift */ = {isa = PBXFileReference; lastKnownFileType = sourcecode.swift; path = NetworkingManager.swift; sourceTree = "<group>"; };
		09173EB0283B128F008E78F0 /* APIErrors.swift */ = {isa = PBXFileReference; lastKnownFileType = sourcecode.swift; path = APIErrors.swift; sourceTree = "<group>"; };
		09173EB2283BCC2E008E78F0 /* RickAndMortyResponse.swift */ = {isa = PBXFileReference; lastKnownFileType = sourcecode.swift; path = RickAndMortyResponse.swift; sourceTree = "<group>"; };
		09173EB6283BD443008E78F0 /* RickAndMortyCharacterFactory.swift */ = {isa = PBXFileReference; lastKnownFileType = sourcecode.swift; path = RickAndMortyCharacterFactory.swift; sourceTree = "<group>"; };
		09173EB8283C52A4008E78F0 /* DetailController.swift */ = {isa = PBXFileReference; lastKnownFileType = sourcecode.swift; path = DetailController.swift; sourceTree = "<group>"; };
		09173EBA283C52F9008E78F0 /* DetailViewModel.swift */ = {isa = PBXFileReference; lastKnownFileType = sourcecode.swift; path = DetailViewModel.swift; sourceTree = "<group>"; };
		09173EBC283D1617008E78F0 /* DownloadImageErrors.swift */ = {isa = PBXFileReference; lastKnownFileType = sourcecode.swift; path = DownloadImageErrors.swift; sourceTree = "<group>"; };
		091F47E128465E1F006C3331 /* RickAndMortyTests.xctest */ = {isa = PBXFileReference; explicitFileType = wrapper.cfbundle; includeInIndex = 0; path = RickAndMortyTests.xctest; sourceTree = BUILT_PRODUCTS_DIR; };
		091F47E328465E1F006C3331 /* RickAndMortyTests.swift */ = {isa = PBXFileReference; lastKnownFileType = sourcecode.swift; path = RickAndMortyTests.swift; sourceTree = "<group>"; };
		091F47EA2847C0A6006C3331 /* ComponentConstantTests.swift */ = {isa = PBXFileReference; lastKnownFileType = sourcecode.swift; path = ComponentConstantTests.swift; sourceTree = "<group>"; };
		09A8522428537B1A00DF93C8 /* RickAndMortyObjectsTests.swift */ = {isa = PBXFileReference; lastKnownFileType = sourcecode.swift; path = RickAndMortyObjectsTests.swift; sourceTree = "<group>"; };
/* End PBXFileReference section */

/* Begin PBXFrameworksBuildPhase section */
		09173E792839A8AD008E78F0 /* Frameworks */ = {
			isa = PBXFrameworksBuildPhase;
			buildActionMask = 2147483647;
			files = (
			);
			runOnlyForDeploymentPostprocessing = 0;
		};
		091F47DE28465E1F006C3331 /* Frameworks */ = {
			isa = PBXFrameworksBuildPhase;
			buildActionMask = 2147483647;
			files = (
			);
			runOnlyForDeploymentPostprocessing = 0;
		};
/* End PBXFrameworksBuildPhase section */

/* Begin PBXGroup section */
		09173E732839A8AD008E78F0 = {
			isa = PBXGroup;
			children = (
				09173E952839CDD3008E78F0 /* Readme.md */,
				09173E7E2839A8AD008E78F0 /* RickAndMortyWalmart */,
				091F47E228465E1F006C3331 /* RickAndMortyTests */,
				09173E7D2839A8AD008E78F0 /* Products */,
			);
			sourceTree = "<group>";
		};
		09173E7D2839A8AD008E78F0 /* Products */ = {
			isa = PBXGroup;
			children = (
				09173E7C2839A8AD008E78F0 /* RickAndMortyWalmart.app */,
				091F47E128465E1F006C3331 /* RickAndMortyTests.xctest */,
			);
			name = Products;
			sourceTree = "<group>";
		};
		09173E7E2839A8AD008E78F0 /* RickAndMortyWalmart */ = {
			isa = PBXGroup;
			children = (
				09173E9C283A86E4008E78F0 /* Sevices */,
				09173E9A283A86C7008E78F0 /* Helpers */,
				09173E98283A869E008E78F0 /* Utilities */,
				09173E97283A868D008E78F0 /* Models */,
				09173E942839A8E8008E78F0 /* Controllers */,
				09173E932839A8D7008E78F0 /* Views */,
				09173E7F2839A8AD008E78F0 /* AppDelegate.swift */,
				09173E812839A8AD008E78F0 /* SceneDelegate.swift */,
				09173E882839A8AF008E78F0 /* Assets.xcassets */,
				09173E8A2839A8AF008E78F0 /* LaunchScreen.storyboard */,
				09173E8D2839A8AF008E78F0 /* Info.plist */,
			);
			path = RickAndMortyWalmart;
			sourceTree = "<group>";
		};
		09173E932839A8D7008E78F0 /* Views */ = {
			isa = PBXGroup;
			children = (
				09173EA0283AA184008E78F0 /* XIBs */,
				09173E852839A8AD008E78F0 /* Main.storyboard */,
			);
			path = Views;
			sourceTree = "<group>";
		};
		09173E942839A8E8008E78F0 /* Controllers */ = {
			isa = PBXGroup;
			children = (
				09173E832839A8AD008E78F0 /* MainController.swift */,
				09173EB8283C52A4008E78F0 /* DetailController.swift */,
				09173EBA283C52F9008E78F0 /* DetailViewModel.swift */,
			);
			path = Controllers;
			sourceTree = "<group>";
		};
		09173E97283A868D008E78F0 /* Models */ = {
			isa = PBXGroup;
			children = (
				09173EB2283BCC2E008E78F0 /* RickAndMortyResponse.swift */,
			);
			path = Models;
			sourceTree = "<group>";
		};
		09173E98283A869E008E78F0 /* Utilities */ = {
			isa = PBXGroup;
			children = (
				09173EAF283B1270008E78F0 /* CustomErrors */,
				09173E99283A86AC008E78F0 /* Extensions */,
			);
			path = Utilities;
			sourceTree = "<group>";
		};
		09173E99283A86AC008E78F0 /* Extensions */ = {
			isa = PBXGroup;
			children = (
				09173EAB283ABEA4008E78F0 /* TableView+extension.swift */,
			);
			path = Extensions;
			sourceTree = "<group>";
		};
		09173E9A283A86C7008E78F0 /* Helpers */ = {
			isa = PBXGroup;
			children = (
				09173E9D283A878B008E78F0 /* Factories */,
				09173E9B283A86D5008E78F0 /* Constants */,
			);
			path = Helpers;
			sourceTree = "<group>";
		};
		09173E9B283A86D5008E78F0 /* Constants */ = {
			isa = PBXGroup;
			children = (
				09173E9E283A920D008E78F0 /* ComponentConstants.swift */,
				09173EA5283AB18E008E78F0 /* TableViewConstants.swift */,
			);
			path = Constants;
			sourceTree = "<group>";
		};
		09173E9C283A86E4008E78F0 /* Sevices */ = {
			isa = PBXGroup;
			children = (
				09173EAD283B10E4008E78F0 /* NetworkingManager.swift */,
			);
			path = Sevices;
			sourceTree = "<group>";
		};
		09173E9D283A878B008E78F0 /* Factories */ = {
			isa = PBXGroup;
			children = (
				09173EB6283BD443008E78F0 /* RickAndMortyCharacterFactory.swift */,
			);
			path = Factories;
			sourceTree = "<group>";
		};
		09173EA0283AA184008E78F0 /* XIBs */ = {
			isa = PBXGroup;
			children = (
				09173EA7283AB65A008E78F0 /* CharacterTableViewCell.swift */,
				09173EA8283AB65A008E78F0 /* CharacterTableViewCell.xib */,
			);
			path = XIBs;
			sourceTree = "<group>";
		};
		09173EAF283B1270008E78F0 /* CustomErrors */ = {
			isa = PBXGroup;
			children = (
				09173EB0283B128F008E78F0 /* APIErrors.swift */,
				09173EBC283D1617008E78F0 /* DownloadImageErrors.swift */,
			);
			path = CustomErrors;
			sourceTree = "<group>";
		};
		091F47E228465E1F006C3331 /* RickAndMortyTests */ = {
			isa = PBXGroup;
			children = (
				091F47E328465E1F006C3331 /* RickAndMortyTests.swift */,
				091F47EA2847C0A6006C3331 /* ComponentConstantTests.swift */,
				09A8522428537B1A00DF93C8 /* RickAndMortyObjectsTests.swift */,
			);
			path = RickAndMortyTests;
			sourceTree = "<group>";
		};
/* End PBXGroup section */

/* Begin PBXNativeTarget section */
		09173E7B2839A8AD008E78F0 /* RickAndMortyWalmart */ = {
			isa = PBXNativeTarget;
			buildConfigurationList = 09173E902839A8AF008E78F0 /* Build configuration list for PBXNativeTarget "RickAndMortyWalmart" */;
			buildPhases = (
				09173E782839A8AD008E78F0 /* Sources */,
				09173E792839A8AD008E78F0 /* Frameworks */,
				09173E7A2839A8AD008E78F0 /* Resources */,
			);
			buildRules = (
			);
			dependencies = (
			);
			name = RickAndMortyWalmart;
			productName = RickAndMortyWalmart;
			productReference = 09173E7C2839A8AD008E78F0 /* RickAndMortyWalmart.app */;
			productType = "com.apple.product-type.application";
		};
		091F47E028465E1F006C3331 /* RickAndMortyTests */ = {
			isa = PBXNativeTarget;
			buildConfigurationList = 091F47E928465E1F006C3331 /* Build configuration list for PBXNativeTarget "RickAndMortyTests" */;
			buildPhases = (
				091F47DD28465E1F006C3331 /* Sources */,
				091F47DE28465E1F006C3331 /* Frameworks */,
				091F47DF28465E1F006C3331 /* Resources */,
			);
			buildRules = (
			);
			dependencies = (
				091F47E628465E1F006C3331 /* PBXTargetDependency */,
			);
			name = RickAndMortyTests;
			productName = RickAndMortyTests;
			productReference = 091F47E128465E1F006C3331 /* RickAndMortyTests.xctest */;
			productType = "com.apple.product-type.bundle.unit-test";
		};
/* End PBXNativeTarget section */

/* Begin PBXProject section */
		09173E742839A8AD008E78F0 /* Project object */ = {
			isa = PBXProject;
			attributes = {
				BuildIndependentTargetsInParallel = 1;
				LastSwiftUpdateCheck = 1340;
				LastUpgradeCheck = 1340;
				TargetAttributes = {
					09173E7B2839A8AD008E78F0 = {
						CreatedOnToolsVersion = 13.4;
					};
					091F47E028465E1F006C3331 = {
						CreatedOnToolsVersion = 13.4;
						TestTargetID = 09173E7B2839A8AD008E78F0;
					};
				};
			};
			buildConfigurationList = 09173E772839A8AD008E78F0 /* Build configuration list for PBXProject "RickAndMortyWalmart" */;
			compatibilityVersion = "Xcode 13.0";
			developmentRegion = en;
			hasScannedForEncodings = 0;
			knownRegions = (
				en,
				Base,
			);
			mainGroup = 09173E732839A8AD008E78F0;
			productRefGroup = 09173E7D2839A8AD008E78F0 /* Products */;
			projectDirPath = "";
			projectRoot = "";
			targets = (
				09173E7B2839A8AD008E78F0 /* RickAndMortyWalmart */,
				091F47E028465E1F006C3331 /* RickAndMortyTests */,
			);
		};
/* End PBXProject section */

/* Begin PBXResourcesBuildPhase section */
		09173E7A2839A8AD008E78F0 /* Resources */ = {
			isa = PBXResourcesBuildPhase;
			buildActionMask = 2147483647;
			files = (
				09173E8C2839A8AF008E78F0 /* LaunchScreen.storyboard in Resources */,
				09173E892839A8AF008E78F0 /* Assets.xcassets in Resources */,
				09173EAA283AB65A008E78F0 /* CharacterTableViewCell.xib in Resources */,
				09173E962839CDD3008E78F0 /* Readme.md in Resources */,
				09173E872839A8AD008E78F0 /* Main.storyboard in Resources */,
			);
			runOnlyForDeploymentPostprocessing = 0;
		};
		091F47DF28465E1F006C3331 /* Resources */ = {
			isa = PBXResourcesBuildPhase;
			buildActionMask = 2147483647;
			files = (
			);
			runOnlyForDeploymentPostprocessing = 0;
		};
/* End PBXResourcesBuildPhase section */

/* Begin PBXSourcesBuildPhase section */
		09173E782839A8AD008E78F0 /* Sources */ = {
			isa = PBXSourcesBuildPhase;
			buildActionMask = 2147483647;
			files = (
				09173E842839A8AD008E78F0 /* MainController.swift in Sources */,
				09173EB7283BD443008E78F0 /* RickAndMortyCharacterFactory.swift in Sources */,
				09173EA6283AB18E008E78F0 /* TableViewConstants.swift in Sources */,
				09173E802839A8AD008E78F0 /* AppDelegate.swift in Sources */,
				09173EB9283C52A4008E78F0 /* DetailController.swift in Sources */,
				09173EAC283ABEA4008E78F0 /* TableView+extension.swift in Sources */,
				09173E822839A8AD008E78F0 /* SceneDelegate.swift in Sources */,
				09173EB3283BCC2E008E78F0 /* RickAndMortyResponse.swift in Sources */,
				09173EAE283B10E4008E78F0 /* NetworkingManager.swift in Sources */,
				09173EBB283C52F9008E78F0 /* DetailViewModel.swift in Sources */,
				09173EBD283D1617008E78F0 /* DownloadImageErrors.swift in Sources */,
				09173E9F283A920D008E78F0 /* ComponentConstants.swift in Sources */,
				09173EA9283AB65A008E78F0 /* CharacterTableViewCell.swift in Sources */,
				09173EB1283B128F008E78F0 /* APIErrors.swift in Sources */,
			);
			runOnlyForDeploymentPostprocessing = 0;
		};
		091F47DD28465E1F006C3331 /* Sources */ = {
			isa = PBXSourcesBuildPhase;
			buildActionMask = 2147483647;
			files = (
				09A8522528537B1A00DF93C8 /* RickAndMortyObjectsTests.swift in Sources */,
				091F47E428465E1F006C3331 /* RickAndMortyTests.swift in Sources */,
				091F47EB2847C0A6006C3331 /* ComponentConstantTests.swift in Sources */,
			);
			runOnlyForDeploymentPostprocessing = 0;
		};
/* End PBXSourcesBuildPhase section */

/* Begin PBXTargetDependency section */
		091F47E628465E1F006C3331 /* PBXTargetDependency */ = {
			isa = PBXTargetDependency;
			target = 09173E7B2839A8AD008E78F0 /* RickAndMortyWalmart */;
			targetProxy = 091F47E528465E1F006C3331 /* PBXContainerItemProxy */;
		};
/* End PBXTargetDependency section */

/* Begin PBXVariantGroup section */
		09173E852839A8AD008E78F0 /* Main.storyboard */ = {
			isa = PBXVariantGroup;
			children = (
				09173E862839A8AD008E78F0 /* Base */,
			);
			name = Main.storyboard;
			sourceTree = "<group>";
		};
		09173E8A2839A8AF008E78F0 /* LaunchScreen.storyboard */ = {
			isa = PBXVariantGroup;
			children = (
				09173E8B2839A8AF008E78F0 /* Base */,
			);
			name = LaunchScreen.storyboard;
			sourceTree = "<group>";
		};
/* End PBXVariantGroup section */

/* Begin XCBuildConfiguration section */
		09173E8E2839A8AF008E78F0 /* Debug */ = {
			isa = XCBuildConfiguration;
			buildSettings = {
				ALWAYS_SEARCH_USER_PATHS = NO;
				CLANG_ANALYZER_NONNULL = YES;
				CLANG_ANALYZER_NUMBER_OBJECT_CONVERSION = YES_AGGRESSIVE;
				CLANG_CXX_LANGUAGE_STANDARD = "gnu++17";
				CLANG_ENABLE_MODULES = YES;
				CLANG_ENABLE_OBJC_ARC = YES;
				CLANG_ENABLE_OBJC_WEAK = YES;
				CLANG_WARN_BLOCK_CAPTURE_AUTORELEASING = YES;
				CLANG_WARN_BOOL_CONVERSION = YES;
				CLANG_WARN_COMMA = YES;
				CLANG_WARN_CONSTANT_CONVERSION = YES;
				CLANG_WARN_DEPRECATED_OBJC_IMPLEMENTATIONS = YES;
				CLANG_WARN_DIRECT_OBJC_ISA_USAGE = YES_ERROR;
				CLANG_WARN_DOCUMENTATION_COMMENTS = YES;
				CLANG_WARN_EMPTY_BODY = YES;
				CLANG_WARN_ENUM_CONVERSION = YES;
				CLANG_WARN_INFINITE_RECURSION = YES;
				CLANG_WARN_INT_CONVERSION = YES;
				CLANG_WARN_NON_LITERAL_NULL_CONVERSION = YES;
				CLANG_WARN_OBJC_IMPLICIT_RETAIN_SELF = YES;
				CLANG_WARN_OBJC_LITERAL_CONVERSION = YES;
				CLANG_WARN_OBJC_ROOT_CLASS = YES_ERROR;
				CLANG_WARN_QUOTED_INCLUDE_IN_FRAMEWORK_HEADER = YES;
				CLANG_WARN_RANGE_LOOP_ANALYSIS = YES;
				CLANG_WARN_STRICT_PROTOTYPES = YES;
				CLANG_WARN_SUSPICIOUS_MOVE = YES;
				CLANG_WARN_UNGUARDED_AVAILABILITY = YES_AGGRESSIVE;
				CLANG_WARN_UNREACHABLE_CODE = YES;
				CLANG_WARN__DUPLICATE_METHOD_MATCH = YES;
				COPY_PHASE_STRIP = NO;
				DEBUG_INFORMATION_FORMAT = dwarf;
				ENABLE_STRICT_OBJC_MSGSEND = YES;
				ENABLE_TESTABILITY = YES;
				GCC_C_LANGUAGE_STANDARD = gnu11;
				GCC_DYNAMIC_NO_PIC = NO;
				GCC_NO_COMMON_BLOCKS = YES;
				GCC_OPTIMIZATION_LEVEL = 0;
				GCC_PREPROCESSOR_DEFINITIONS = (
					"DEBUG=1",
					"$(inherited)",
				);
				GCC_WARN_64_TO_32_BIT_CONVERSION = YES;
				GCC_WARN_ABOUT_RETURN_TYPE = YES_ERROR;
				GCC_WARN_UNDECLARED_SELECTOR = YES;
				GCC_WARN_UNINITIALIZED_AUTOS = YES_AGGRESSIVE;
				GCC_WARN_UNUSED_FUNCTION = YES;
				GCC_WARN_UNUSED_VARIABLE = YES;
				IPHONEOS_DEPLOYMENT_TARGET = 15.5;
				MTL_ENABLE_DEBUG_INFO = INCLUDE_SOURCE;
				MTL_FAST_MATH = YES;
				ONLY_ACTIVE_ARCH = YES;
				SDKROOT = iphoneos;
				SWIFT_ACTIVE_COMPILATION_CONDITIONS = DEBUG;
				SWIFT_OPTIMIZATION_LEVEL = "-Onone";
			};
			name = Debug;
		};
		09173E8F2839A8AF008E78F0 /* Release */ = {
			isa = XCBuildConfiguration;
			buildSettings = {
				ALWAYS_SEARCH_USER_PATHS = NO;
				CLANG_ANALYZER_NONNULL = YES;
				CLANG_ANALYZER_NUMBER_OBJECT_CONVERSION = YES_AGGRESSIVE;
				CLANG_CXX_LANGUAGE_STANDARD = "gnu++17";
				CLANG_ENABLE_MODULES = YES;
				CLANG_ENABLE_OBJC_ARC = YES;
				CLANG_ENABLE_OBJC_WEAK = YES;
				CLANG_WARN_BLOCK_CAPTURE_AUTORELEASING = YES;
				CLANG_WARN_BOOL_CONVERSION = YES;
				CLANG_WARN_COMMA = YES;
				CLANG_WARN_CONSTANT_CONVERSION = YES;
				CLANG_WARN_DEPRECATED_OBJC_IMPLEMENTATIONS = YES;
				CLANG_WARN_DIRECT_OBJC_ISA_USAGE = YES_ERROR;
				CLANG_WARN_DOCUMENTATION_COMMENTS = YES;
				CLANG_WARN_EMPTY_BODY = YES;
				CLANG_WARN_ENUM_CONVERSION = YES;
				CLANG_WARN_INFINITE_RECURSION = YES;
				CLANG_WARN_INT_CONVERSION = YES;
				CLANG_WARN_NON_LITERAL_NULL_CONVERSION = YES;
				CLANG_WARN_OBJC_IMPLICIT_RETAIN_SELF = YES;
				CLANG_WARN_OBJC_LITERAL_CONVERSION = YES;
				CLANG_WARN_OBJC_ROOT_CLASS = YES_ERROR;
				CLANG_WARN_QUOTED_INCLUDE_IN_FRAMEWORK_HEADER = YES;
				CLANG_WARN_RANGE_LOOP_ANALYSIS = YES;
				CLANG_WARN_STRICT_PROTOTYPES = YES;
				CLANG_WARN_SUSPICIOUS_MOVE = YES;
				CLANG_WARN_UNGUARDED_AVAILABILITY = YES_AGGRESSIVE;
				CLANG_WARN_UNREACHABLE_CODE = YES;
				CLANG_WARN__DUPLICATE_METHOD_MATCH = YES;
				COPY_PHASE_STRIP = NO;
				DEBUG_INFORMATION_FORMAT = "dwarf-with-dsym";
				ENABLE_NS_ASSERTIONS = NO;
				ENABLE_STRICT_OBJC_MSGSEND = YES;
				GCC_C_LANGUAGE_STANDARD = gnu11;
				GCC_NO_COMMON_BLOCKS = YES;
				GCC_WARN_64_TO_32_BIT_CONVERSION = YES;
				GCC_WARN_ABOUT_RETURN_TYPE = YES_ERROR;
				GCC_WARN_UNDECLARED_SELECTOR = YES;
				GCC_WARN_UNINITIALIZED_AUTOS = YES_AGGRESSIVE;
				GCC_WARN_UNUSED_FUNCTION = YES;
				GCC_WARN_UNUSED_VARIABLE = YES;
				IPHONEOS_DEPLOYMENT_TARGET = 15.5;
				MTL_ENABLE_DEBUG_INFO = NO;
				MTL_FAST_MATH = YES;
				SDKROOT = iphoneos;
				SWIFT_COMPILATION_MODE = wholemodule;
				SWIFT_OPTIMIZATION_LEVEL = "-O";
				VALIDATE_PRODUCT = YES;
			};
			name = Release;
		};
		09173E912839A8AF008E78F0 /* Debug */ = {
			isa = XCBuildConfiguration;
			buildSettings = {
				ASSETCATALOG_COMPILER_APPICON_NAME = AppIcon;
				ASSETCATALOG_COMPILER_GLOBAL_ACCENT_COLOR_NAME = AccentColor;
				CODE_SIGN_IDENTITY = "Apple Development";
				CODE_SIGN_STYLE = Automatic;
				CURRENT_PROJECT_VERSION = 1;
				DEVELOPMENT_TEAM = 93TAG27MAJ;
				GENERATE_INFOPLIST_FILE = YES;
				INFOPLIST_FILE = RickAndMortyWalmart/Info.plist;
				INFOPLIST_KEY_UIApplicationSupportsIndirectInputEvents = YES;
				INFOPLIST_KEY_UILaunchStoryboardName = LaunchScreen;
				INFOPLIST_KEY_UIMainStoryboardFile = Main;
				INFOPLIST_KEY_UISupportedInterfaceOrientations_iPad = "UIInterfaceOrientationPortrait UIInterfaceOrientationPortraitUpsideDown UIInterfaceOrientationLandscapeLeft UIInterfaceOrientationLandscapeRight";
				INFOPLIST_KEY_UISupportedInterfaceOrientations_iPhone = "UIInterfaceOrientationPortrait UIInterfaceOrientationLandscapeLeft UIInterfaceOrientationLandscapeRight";
				LD_RUNPATH_SEARCH_PATHS = (
					"$(inherited)",
					"@executable_path/Frameworks",
				);
				MARKETING_VERSION = 1.0;
				PRODUCT_BUNDLE_IDENTIFIER = com.GroverTech.RickAndMortyWalmart;
				PRODUCT_NAME = "$(TARGET_NAME)";
				PROVISIONING_PROFILE_SPECIFIER = "";
				SWIFT_EMIT_LOC_STRINGS = YES;
				SWIFT_VERSION = 5.0;
				TARGETED_DEVICE_FAMILY = 1;
			};
			name = Debug;
		};
		09173E922839A8AF008E78F0 /* Release */ = {
			isa = XCBuildConfiguration;
			buildSettings = {
				ASSETCATALOG_COMPILER_APPICON_NAME = AppIcon;
				ASSETCATALOG_COMPILER_GLOBAL_ACCENT_COLOR_NAME = AccentColor;
				CODE_SIGN_IDENTITY = "Apple Development";
				CODE_SIGN_STYLE = Automatic;
				CURRENT_PROJECT_VERSION = 1;
				DEVELOPMENT_TEAM = 93TAG27MAJ;
				GENERATE_INFOPLIST_FILE = YES;
				INFOPLIST_FILE = RickAndMortyWalmart/Info.plist;
				INFOPLIST_KEY_UIApplicationSupportsIndirectInputEvents = YES;
				INFOPLIST_KEY_UILaunchStoryboardName = LaunchScreen;
				INFOPLIST_KEY_UIMainStoryboardFile = Main;
				INFOPLIST_KEY_UISupportedInterfaceOrientations_iPad = "UIInterfaceOrientationPortrait UIInterfaceOrientationPortraitUpsideDown UIInterfaceOrientationLandscapeLeft UIInterfaceOrientationLandscapeRight";
				INFOPLIST_KEY_UISupportedInterfaceOrientations_iPhone = "UIInterfaceOrientationPortrait UIInterfaceOrientationLandscapeLeft UIInterfaceOrientationLandscapeRight";
				LD_RUNPATH_SEARCH_PATHS = (
					"$(inherited)",
					"@executable_path/Frameworks",
				);
				MARKETING_VERSION = 1.0;
				PRODUCT_BUNDLE_IDENTIFIER = com.GroverTech.RickAndMortyWalmart;
				PRODUCT_NAME = "$(TARGET_NAME)";
				PROVISIONING_PROFILE_SPECIFIER = "";
				SWIFT_EMIT_LOC_STRINGS = YES;
				SWIFT_VERSION = 5.0;
				TARGETED_DEVICE_FAMILY = 1;
			};
			name = Release;
		};
		091F47E728465E1F006C3331 /* Debug */ = {
			isa = XCBuildConfiguration;
			buildSettings = {
				BUNDLE_LOADER = "$(TEST_HOST)";
				CODE_SIGN_STYLE = Automatic;
				CURRENT_PROJECT_VERSION = 1;
				DEVELOPMENT_TEAM = 93TAG27MAJ;
				GENERATE_INFOPLIST_FILE = YES;
				MARKETING_VERSION = 1.0;
				PRODUCT_BUNDLE_IDENTIFIER = com.GroverTech.RickAndMortyTests;
				PRODUCT_NAME = "$(TARGET_NAME)";
				SWIFT_EMIT_LOC_STRINGS = NO;
				SWIFT_VERSION = 5.0;
				TARGETED_DEVICE_FAMILY = "1,2";
				TEST_HOST = "$(BUILT_PRODUCTS_DIR)/RickAndMortyWalmart.app/RickAndMortyWalmart";
			};
			name = Debug;
		};
		091F47E828465E1F006C3331 /* Release */ = {
			isa = XCBuildConfiguration;
			buildSettings = {
				BUNDLE_LOADER = "$(TEST_HOST)";
				CODE_SIGN_STYLE = Automatic;
				CURRENT_PROJECT_VERSION = 1;
				DEVELOPMENT_TEAM = 93TAG27MAJ;
				GENERATE_INFOPLIST_FILE = YES;
				MARKETING_VERSION = 1.0;
				PRODUCT_BUNDLE_IDENTIFIER = com.GroverTech.RickAndMortyTests;
				PRODUCT_NAME = "$(TARGET_NAME)";
				SWIFT_EMIT_LOC_STRINGS = NO;
				SWIFT_VERSION = 5.0;
				TARGETED_DEVICE_FAMILY = "1,2";
				TEST_HOST = "$(BUILT_PRODUCTS_DIR)/RickAndMortyWalmart.app/RickAndMortyWalmart";
			};
			name = Release;
		};
/* End XCBuildConfiguration section */

/* Begin XCConfigurationList section */
		09173E772839A8AD008E78F0 /* Build configuration list for PBXProject "RickAndMortyWalmart" */ = {
			isa = XCConfigurationList;
			buildConfigurations = (
				09173E8E2839A8AF008E78F0 /* Debug */,
				09173E8F2839A8AF008E78F0 /* Release */,
			);
			defaultConfigurationIsVisible = 0;
			defaultConfigurationName = Release;
		};
		09173E902839A8AF008E78F0 /* Build configuration list for PBXNativeTarget "RickAndMortyWalmart" */ = {
			isa = XCConfigurationList;
			buildConfigurations = (
				09173E912839A8AF008E78F0 /* Debug */,
				09173E922839A8AF008E78F0 /* Release */,
			);
			defaultConfigurationIsVisible = 0;
			defaultConfigurationName = Release;
		};
		091F47E928465E1F006C3331 /* Build configuration list for PBXNativeTarget "RickAndMortyTests" */ = {
			isa = XCConfigurationList;
			buildConfigurations = (
				091F47E728465E1F006C3331 /* Debug */,
				091F47E828465E1F006C3331 /* Release */,
			);
			defaultConfigurationIsVisible = 0;
			defaultConfigurationName = Release;
		};
/* End XCConfigurationList section */
	};
	rootObject = 09173E742839A8AD008E78F0 /* Project object */;
}
